// !$*UTF8*$!
{
	archiveVersion = 1;
	classes = {
	};
	objectVersion = 48;
	objects = {

/* Begin PBXBuildFile section */
		AB333C7A1FDF8B830022FAA5 /* AppDelegate.swift in Sources */ = {isa = PBXBuildFile; fileRef = AB333C791FDF8B830022FAA5 /* AppDelegate.swift */; };
		AB333C7C1FDF8B830022FAA5 /* ViewController.swift in Sources */ = {isa = PBXBuildFile; fileRef = AB333C7B1FDF8B830022FAA5 /* ViewController.swift */; };
		AB333C7F1FDF8B830022FAA5 /* Main.storyboard in Resources */ = {isa = PBXBuildFile; fileRef = AB333C7D1FDF8B830022FAA5 /* Main.storyboard */; };
		AB333C811FDF8B830022FAA5 /* Assets.xcassets in Resources */ = {isa = PBXBuildFile; fileRef = AB333C801FDF8B830022FAA5 /* Assets.xcassets */; };
		AB333C841FDF8B830022FAA5 /* LaunchScreen.storyboard in Resources */ = {isa = PBXBuildFile; fileRef = AB333C821FDF8B830022FAA5 /* LaunchScreen.storyboard */; };
		AB333C8F1FDF8B830022FAA5 /* carsTests.swift in Sources */ = {isa = PBXBuildFile; fileRef = AB333C8E1FDF8B830022FAA5 /* carsTests.swift */; };
		AB333C9A1FDF8B830022FAA5 /* carsUITests.swift in Sources */ = {isa = PBXBuildFile; fileRef = AB333C991FDF8B830022FAA5 /* carsUITests.swift */; };
		AB333CA81FE056610022FAA5 /* FirstDataViewController.swift in Sources */ = {isa = PBXBuildFile; fileRef = AB333CA71FE056610022FAA5 /* FirstDataViewController.swift */; };
		AB333CAA1FE056C40022FAA5 /* carmodel.plist in Resources */ = {isa = PBXBuildFile; fileRef = AB333CA91FE056C40022FAA5 /* carmodel.plist */; };
		AB333CAC1FE057CB0022FAA5 /* SecondDataViewController.swift in Sources */ = {isa = PBXBuildFile; fileRef = AB333CAB1FE057CB0022FAA5 /* SecondDataViewController.swift */; };
		AB333CAE1FE0A5F60022FAA5 /* brand.plist in Resources */ = {isa = PBXBuildFile; fileRef = AB333CAD1FE0A5F60022FAA5 /* brand.plist */; };
		AB333CB01FE0A61A0022FAA5 /* model.plist in Resources */ = {isa = PBXBuildFile; fileRef = AB333CAF1FE0A61A0022FAA5 /* model.plist */; };
		AB8F71031FE4F853003F2076 /* usedcars.mlmodel in Sources */ = {isa = PBXBuildFile; fileRef = AB8F71021FE4F853003F2076 /* usedcars.mlmodel */; };
		ABD5ECA21FEAE818004085D2 /* Price.swift in Sources */ = {isa = PBXBuildFile; fileRef = ABD5ECA11FEAE818004085D2 /* Price.swift */; };
		ABD5ECA41FEB0DCE004085D2 /* ListViewController.swift in Sources */ = {isa = PBXBuildFile; fileRef = ABD5ECA31FEB0DCE004085D2 /* ListViewController.swift */; };
		ABD5ECA81FEB916E004085D2 /* home.jpeg in Resources */ = {isa = PBXBuildFile; fileRef = ABD5ECA71FEB916E004085D2 /* home.jpeg */; };
/* End PBXBuildFile section */

/* Begin PBXContainerItemProxy section */
		AB333C8B1FDF8B830022FAA5 /* PBXContainerItemProxy */ = {
			isa = PBXContainerItemProxy;
			containerPortal = AB333C6E1FDF8B820022FAA5 /* Project object */;
			proxyType = 1;
			remoteGlobalIDString = AB333C751FDF8B820022FAA5;
			remoteInfo = cars;
		};
		AB333C961FDF8B830022FAA5 /* PBXContainerItemProxy */ = {
			isa = PBXContainerItemProxy;
			containerPortal = AB333C6E1FDF8B820022FAA5 /* Project object */;
			proxyType = 1;
			remoteGlobalIDString = AB333C751FDF8B820022FAA5;
			remoteInfo = cars;
		};
/* End PBXContainerItemProxy section */

/* Begin PBXFileReference section */
		AB333C761FDF8B830022FAA5 /* cars.app */ = {isa = PBXFileReference; explicitFileType = wrapper.application; includeInIndex = 0; path = cars.app; sourceTree = BUILT_PRODUCTS_DIR; };
		AB333C791FDF8B830022FAA5 /* AppDelegate.swift */ = {isa = PBXFileReference; lastKnownFileType = sourcecode.swift; path = AppDelegate.swift; sourceTree = "<group>"; };
		AB333C7B1FDF8B830022FAA5 /* ViewController.swift */ = {isa = PBXFileReference; lastKnownFileType = sourcecode.swift; path = ViewController.swift; sourceTree = "<group>"; };
		AB333C7E1FDF8B830022FAA5 /* Base */ = {isa = PBXFileReference; lastKnownFileType = file.storyboard; name = Base; path = Base.lproj/Main.storyboard; sourceTree = "<group>"; };
		AB333C801FDF8B830022FAA5 /* Assets.xcassets */ = {isa = PBXFileReference; lastKnownFileType = folder.assetcatalog; path = Assets.xcassets; sourceTree = "<group>"; };
		AB333C831FDF8B830022FAA5 /* Base */ = {isa = PBXFileReference; lastKnownFileType = file.storyboard; name = Base; path = Base.lproj/LaunchScreen.storyboard; sourceTree = "<group>"; };
		AB333C851FDF8B830022FAA5 /* Info.plist */ = {isa = PBXFileReference; lastKnownFileType = text.plist.xml; path = Info.plist; sourceTree = "<group>"; };
		AB333C8A1FDF8B830022FAA5 /* carsTests.xctest */ = {isa = PBXFileReference; explicitFileType = wrapper.cfbundle; includeInIndex = 0; path = carsTests.xctest; sourceTree = BUILT_PRODUCTS_DIR; };
		AB333C8E1FDF8B830022FAA5 /* carsTests.swift */ = {isa = PBXFileReference; lastKnownFileType = sourcecode.swift; path = carsTests.swift; sourceTree = "<group>"; };
		AB333C901FDF8B830022FAA5 /* Info.plist */ = {isa = PBXFileReference; lastKnownFileType = text.plist.xml; path = Info.plist; sourceTree = "<group>"; };
		AB333C951FDF8B830022FAA5 /* carsUITests.xctest */ = {isa = PBXFileReference; explicitFileType = wrapper.cfbundle; includeInIndex = 0; path = carsUITests.xctest; sourceTree = BUILT_PRODUCTS_DIR; };
		AB333C991FDF8B830022FAA5 /* carsUITests.swift */ = {isa = PBXFileReference; lastKnownFileType = sourcecode.swift; path = carsUITests.swift; sourceTree = "<group>"; };
		AB333C9B1FDF8B830022FAA5 /* Info.plist */ = {isa = PBXFileReference; lastKnownFileType = text.plist.xml; path = Info.plist; sourceTree = "<group>"; };
		AB333CA71FE056610022FAA5 /* FirstDataViewController.swift */ = {isa = PBXFileReference; lastKnownFileType = sourcecode.swift; path = FirstDataViewController.swift; sourceTree = "<group>"; };
		AB333CA91FE056C40022FAA5 /* carmodel.plist */ = {isa = PBXFileReference; fileEncoding = 4; lastKnownFileType = text.plist.xml; path = carmodel.plist; sourceTree = "<group>"; };
		AB333CAB1FE057CB0022FAA5 /* SecondDataViewController.swift */ = {isa = PBXFileReference; lastKnownFileType = sourcecode.swift; path = SecondDataViewController.swift; sourceTree = "<group>"; };
		AB333CAD1FE0A5F60022FAA5 /* brand.plist */ = {isa = PBXFileReference; fileEncoding = 4; lastKnownFileType = text.plist.xml; path = brand.plist; sourceTree = "<group>"; };
		AB333CAF1FE0A61A0022FAA5 /* model.plist */ = {isa = PBXFileReference; fileEncoding = 4; lastKnownFileType = text.plist.xml; path = model.plist; sourceTree = "<group>"; };
		AB8F71021FE4F853003F2076 /* usedcars.mlmodel */ = {isa = PBXFileReference; lastKnownFileType = file.mlmodel; path = usedcars.mlmodel; sourceTree = "<group>"; };
		ABD5ECA11FEAE818004085D2 /* Price.swift */ = {isa = PBXFileReference; lastKnownFileType = sourcecode.swift; path = Price.swift; sourceTree = "<group>"; };
		ABD5ECA31FEB0DCE004085D2 /* ListViewController.swift */ = {isa = PBXFileReference; lastKnownFileType = sourcecode.swift; path = ListViewController.swift; sourceTree = "<group>"; };
		ABD5ECA71FEB916E004085D2 /* home.jpeg */ = {isa = PBXFileReference; lastKnownFileType = image.jpeg; path = home.jpeg; sourceTree = "<group>"; };
/* End PBXFileReference section */

/* Begin PBXFrameworksBuildPhase section */
		AB333C731FDF8B820022FAA5 /* Frameworks */ = {
			isa = PBXFrameworksBuildPhase;
			buildActionMask = 2147483647;
			files = (
			);
			runOnlyForDeploymentPostprocessing = 0;
		};
		AB333C871FDF8B830022FAA5 /* Frameworks */ = {
			isa = PBXFrameworksBuildPhase;
			buildActionMask = 2147483647;
			files = (
			);
			runOnlyForDeploymentPostprocessing = 0;
		};
		AB333C921FDF8B830022FAA5 /* Frameworks */ = {
			isa = PBXFrameworksBuildPhase;
			buildActionMask = 2147483647;
			files = (
			);
			runOnlyForDeploymentPostprocessing = 0;
		};
/* End PBXFrameworksBuildPhase section */

/* Begin PBXGroup section */
		AB333C6D1FDF8B820022FAA5 = {
			isa = PBXGroup;
			children = (
				AB8F71021FE4F853003F2076 /* usedcars.mlmodel */,
				ABD5ECA71FEB916E004085D2 /* home.jpeg */,
				AB333C781FDF8B830022FAA5 /* cars */,
				AB333C8D1FDF8B830022FAA5 /* carsTests */,
				AB333C981FDF8B830022FAA5 /* carsUITests */,
				AB333C771FDF8B830022FAA5 /* Products */,
			);
			sourceTree = "<group>";
		};
		AB333C771FDF8B830022FAA5 /* Products */ = {
			isa = PBXGroup;
			children = (
				AB333C761FDF8B830022FAA5 /* cars.app */,
				AB333C8A1FDF8B830022FAA5 /* carsTests.xctest */,
				AB333C951FDF8B830022FAA5 /* carsUITests.xctest */,
			);
			name = Products;
			sourceTree = "<group>";
		};
		AB333C781FDF8B830022FAA5 /* cars */ = {
			isa = PBXGroup;
			children = (
				AB333C791FDF8B830022FAA5 /* AppDelegate.swift */,
				AB333C7B1FDF8B830022FAA5 /* ViewController.swift */,
				AB333C7D1FDF8B830022FAA5 /* Main.storyboard */,
				AB333CAB1FE057CB0022FAA5 /* SecondDataViewController.swift */,
				ABD5ECA11FEAE818004085D2 /* Price.swift */,
				ABD5ECA31FEB0DCE004085D2 /* ListViewController.swift */,
				AB333CA71FE056610022FAA5 /* FirstDataViewController.swift */,
				AB333C801FDF8B830022FAA5 /* Assets.xcassets */,
				AB333CA91FE056C40022FAA5 /* carmodel.plist */,
				AB333CAD1FE0A5F60022FAA5 /* brand.plist */,
				AB333CAF1FE0A61A0022FAA5 /* model.plist */,
				AB333C821FDF8B830022FAA5 /* LaunchScreen.storyboard */,
				AB333C851FDF8B830022FAA5 /* Info.plist */,
			);
			path = cars;
			sourceTree = "<group>";
		};
		AB333C8D1FDF8B830022FAA5 /* carsTests */ = {
			isa = PBXGroup;
			children = (
				AB333C8E1FDF8B830022FAA5 /* carsTests.swift */,
				AB333C901FDF8B830022FAA5 /* Info.plist */,
			);
			path = carsTests;
			sourceTree = "<group>";
		};
		AB333C981FDF8B830022FAA5 /* carsUITests */ = {
			isa = PBXGroup;
			children = (
				AB333C991FDF8B830022FAA5 /* carsUITests.swift */,
				AB333C9B1FDF8B830022FAA5 /* Info.plist */,
			);
			path = carsUITests;
			sourceTree = "<group>";
		};
/* End PBXGroup section */

/* Begin PBXNativeTarget section */
		AB333C751FDF8B820022FAA5 /* cars */ = {
			isa = PBXNativeTarget;
			buildConfigurationList = AB333C9E1FDF8B830022FAA5 /* Build configuration list for PBXNativeTarget "cars" */;
			buildPhases = (
				AB333C721FDF8B820022FAA5 /* Sources */,
				AB333C731FDF8B820022FAA5 /* Frameworks */,
				AB333C741FDF8B820022FAA5 /* Resources */,
			);
			buildRules = (
			);
			dependencies = (
			);
			name = cars;
			productName = cars;
			productReference = AB333C761FDF8B830022FAA5 /* cars.app */;
			productType = "com.apple.product-type.application";
		};
		AB333C891FDF8B830022FAA5 /* carsTests */ = {
			isa = PBXNativeTarget;
			buildConfigurationList = AB333CA11FDF8B830022FAA5 /* Build configuration list for PBXNativeTarget "carsTests" */;
			buildPhases = (
				AB333C861FDF8B830022FAA5 /* Sources */,
				AB333C871FDF8B830022FAA5 /* Frameworks */,
				AB333C881FDF8B830022FAA5 /* Resources */,
			);
			buildRules = (
			);
			dependencies = (
				AB333C8C1FDF8B830022FAA5 /* PBXTargetDependency */,
			);
			name = carsTests;
			productName = carsTests;
			productReference = AB333C8A1FDF8B830022FAA5 /* carsTests.xctest */;
			productType = "com.apple.product-type.bundle.unit-test";
		};
		AB333C941FDF8B830022FAA5 /* carsUITests */ = {
			isa = PBXNativeTarget;
			buildConfigurationList = AB333CA41FDF8B830022FAA5 /* Build configuration list for PBXNativeTarget "carsUITests" */;
			buildPhases = (
				AB333C911FDF8B830022FAA5 /* Sources */,
				AB333C921FDF8B830022FAA5 /* Frameworks */,
				AB333C931FDF8B830022FAA5 /* Resources */,
			);
			buildRules = (
			);
			dependencies = (
				AB333C971FDF8B830022FAA5 /* PBXTargetDependency */,
			);
			name = carsUITests;
			productName = carsUITests;
			productReference = AB333C951FDF8B830022FAA5 /* carsUITests.xctest */;
			productType = "com.apple.product-type.bundle.ui-testing";
		};
/* End PBXNativeTarget section */

/* Begin PBXProject section */
		AB333C6E1FDF8B820022FAA5 /* Project object */ = {
			isa = PBXProject;
			attributes = {
				LastSwiftUpdateCheck = 0920;
				LastUpgradeCheck = 0920;
				ORGANIZATIONNAME = "Kaliraj Kalimuthu";
				TargetAttributes = {
					AB333C751FDF8B820022FAA5 = {
						CreatedOnToolsVersion = 9.2;
						ProvisioningStyle = Automatic;
					};
					AB333C891FDF8B830022FAA5 = {
						CreatedOnToolsVersion = 9.2;
						ProvisioningStyle = Automatic;
						TestTargetID = AB333C751FDF8B820022FAA5;
					};
					AB333C941FDF8B830022FAA5 = {
						CreatedOnToolsVersion = 9.2;
						ProvisioningStyle = Automatic;
						TestTargetID = AB333C751FDF8B820022FAA5;
					};
				};
			};
			buildConfigurationList = AB333C711FDF8B820022FAA5 /* Build configuration list for PBXProject "cars" */;
			compatibilityVersion = "Xcode 8.0";
			developmentRegion = en;
			hasScannedForEncodings = 0;
			knownRegions = (
				en,
				Base,
			);
			mainGroup = AB333C6D1FDF8B820022FAA5;
			productRefGroup = AB333C771FDF8B830022FAA5 /* Products */;
			projectDirPath = "";
			projectRoot = "";
			targets = (
				AB333C751FDF8B820022FAA5 /* cars */,
				AB333C891FDF8B830022FAA5 /* carsTests */,
				AB333C941FDF8B830022FAA5 /* carsUITests */,
			);
		};
/* End PBXProject section */

/* Begin PBXResourcesBuildPhase section */
		AB333C741FDF8B820022FAA5 /* Resources */ = {
			isa = PBXResourcesBuildPhase;
			buildActionMask = 2147483647;
			files = (
				ABD5ECA81FEB916E004085D2 /* home.jpeg in Resources */,
				AB333C841FDF8B830022FAA5 /* LaunchScreen.storyboard in Resources */,
				AB333C811FDF8B830022FAA5 /* Assets.xcassets in Resources */,
				AB333CAE1FE0A5F60022FAA5 /* brand.plist in Resources */,
				AB333C7F1FDF8B830022FAA5 /* Main.storyboard in Resources */,
				AB333CB01FE0A61A0022FAA5 /* model.plist in Resources */,
				AB333CAA1FE056C40022FAA5 /* carmodel.plist in Resources */,
			);
			runOnlyForDeploymentPostprocessing = 0;
		};
		AB333C881FDF8B830022FAA5 /* Resources */ = {
			isa = PBXResourcesBuildPhase;
			buildActionMask = 2147483647;
			files = (
			);
			runOnlyForDeploymentPostprocessing = 0;
		};
		AB333C931FDF8B830022FAA5 /* Resources */ = {
			isa = PBXResourcesBuildPhase;
			buildActionMask = 2147483647;
			files = (
			);
			runOnlyForDeploymentPostprocessing = 0;
		};
/* End PBXResourcesBuildPhase section */

/* Begin PBXSourcesBuildPhase section */
		AB333C721FDF8B820022FAA5 /* Sources */ = {
			isa = PBXSourcesBuildPhase;
			buildActionMask = 2147483647;
			files = (
				AB333C7C1FDF8B830022FAA5 /* ViewController.swift in Sources */,
				AB333CA81FE056610022FAA5 /* FirstDataViewController.swift in Sources */,
				AB8F71031FE4F853003F2076 /* usedcars.mlmodel in Sources */,
				AB333C7A1FDF8B830022FAA5 /* AppDelegate.swift in Sources */,
				AB333CAC1FE057CB0022FAA5 /* SecondDataViewController.swift in Sources */,
				ABD5ECA21FEAE818004085D2 /* Price.swift in Sources */,
				ABD5ECA41FEB0DCE004085D2 /* ListViewController.swift in Sources */,
			);
			runOnlyForDeploymentPostprocessing = 0;
		};
		AB333C861FDF8B830022FAA5 /* Sources */ = {
			isa = PBXSourcesBuildPhase;
			buildActionMask = 2147483647;
			files = (
				AB333C8F1FDF8B830022FAA5 /* carsTests.swift in Sources */,
			);
			runOnlyForDeploymentPostprocessing = 0;
		};
		AB333C911FDF8B830022FAA5 /* Sources */ = {
			isa = PBXSourcesBuildPhase;
			buildActionMask = 2147483647;
			files = (
				AB333C9A1FDF8B830022FAA5 /* carsUITests.swift in Sources */,
			);
			runOnlyForDeploymentPostprocessing = 0;
		};
/* End PBXSourcesBuildPhase section */

/* Begin PBXTargetDependency section */
		AB333C8C1FDF8B830022FAA5 /* PBXTargetDependency */ = {
			isa = PBXTargetDependency;
			target = AB333C751FDF8B820022FAA5 /* cars */;
			targetProxy = AB333C8B1FDF8B830022FAA5 /* PBXContainerItemProxy */;
		};
		AB333C971FDF8B830022FAA5 /* PBXTargetDependency */ = {
			isa = PBXTargetDependency;
			target = AB333C751FDF8B820022FAA5 /* cars */;
			targetProxy = AB333C961FDF8B830022FAA5 /* PBXContainerItemProxy */;
		};
/* End PBXTargetDependency section */

/* Begin PBXVariantGroup section */
		AB333C7D1FDF8B830022FAA5 /* Main.storyboard */ = {
			isa = PBXVariantGroup;
			children = (
				AB333C7E1FDF8B830022FAA5 /* Base */,
			);
			name = Main.storyboard;
			sourceTree = "<group>";
		};
		AB333C821FDF8B830022FAA5 /* LaunchScreen.storyboard */ = {
			isa = PBXVariantGroup;
			children = (
				AB333C831FDF8B830022FAA5 /* Base */,
			);
			name = LaunchScreen.storyboard;
			sourceTree = "<group>";
		};
/* End PBXVariantGroup section */

/* Begin XCBuildConfiguration section */
		AB333C9C1FDF8B830022FAA5 /* Debug */ = {
			isa = XCBuildConfiguration;
			buildSettings = {
				ALWAYS_SEARCH_USER_PATHS = NO;
				CLANG_ANALYZER_NONNULL = YES;
				CLANG_ANALYZER_NUMBER_OBJECT_CONVERSION = YES_AGGRESSIVE;
				CLANG_CXX_LANGUAGE_STANDARD = "gnu++14";
				CLANG_CXX_LIBRARY = "libc++";
				CLANG_ENABLE_MODULES = YES;
				CLANG_ENABLE_OBJC_ARC = YES;
				CLANG_WARN_BLOCK_CAPTURE_AUTORELEASING = YES;
				CLANG_WARN_BOOL_CONVERSION = YES;
				CLANG_WARN_COMMA = YES;
				CLANG_WARN_CONSTANT_CONVERSION = YES;
				CLANG_WARN_DIRECT_OBJC_ISA_USAGE = YES_ERROR;
				CLANG_WARN_DOCUMENTATION_COMMENTS = YES;
				CLANG_WARN_EMPTY_BODY = YES;
				CLANG_WARN_ENUM_CONVERSION = YES;
				CLANG_WARN_INFINITE_RECURSION = YES;
				CLANG_WARN_INT_CONVERSION = YES;
				CLANG_WARN_NON_LITERAL_NULL_CONVERSION = YES;
				CLANG_WARN_OBJC_LITERAL_CONVERSION = YES;
				CLANG_WARN_OBJC_ROOT_CLASS = YES_ERROR;
				CLANG_WARN_RANGE_LOOP_ANALYSIS = YES;
				CLANG_WARN_STRICT_PROTOTYPES = YES;
				CLANG_WARN_SUSPICIOUS_MOVE = YES;
				CLANG_WARN_UNGUARDED_AVAILABILITY = YES_AGGRESSIVE;
				CLANG_WARN_UNREACHABLE_CODE = YES;
				CLANG_WARN__DUPLICATE_METHOD_MATCH = YES;
				CODE_SIGN_IDENTITY = "iPhone Developer";
				COPY_PHASE_STRIP = NO;
				DEBUG_INFORMATION_FORMAT = dwarf;
				ENABLE_STRICT_OBJC_MSGSEND = YES;
				ENABLE_TESTABILITY = YES;
				GCC_C_LANGUAGE_STANDARD = gnu11;
				GCC_DYNAMIC_NO_PIC = NO;
				GCC_NO_COMMON_BLOCKS = YES;
				GCC_OPTIMIZATION_LEVEL = 0;
				GCC_PREPROCESSOR_DEFINITIONS = (
					"DEBUG=1",
					"$(inherited)",
				);
				GCC_WARN_64_TO_32_BIT_CONVERSION = YES;
				GCC_WARN_ABOUT_RETURN_TYPE = YES_ERROR;
				GCC_WARN_UNDECLARED_SELECTOR = YES;
				GCC_WARN_UNINITIALIZED_AUTOS = YES_AGGRESSIVE;
				GCC_WARN_UNUSED_FUNCTION = YES;
				GCC_WARN_UNUSED_VARIABLE = YES;
				IPHONEOS_DEPLOYMENT_TARGET = 11.2;
				MTL_ENABLE_DEBUG_INFO = YES;
				ONLY_ACTIVE_ARCH = YES;
				SDKROOT = iphoneos;
				SWIFT_ACTIVE_COMPILATION_CONDITIONS = DEBUG;
				SWIFT_OPTIMIZATION_LEVEL = "-Onone";
			};
			name = Debug;
		};
		AB333C9D1FDF8B830022FAA5 /* Release */ = {
			isa = XCBuildConfiguration;
			buildSettings = {
				ALWAYS_SEARCH_USER_PATHS = NO;
				CLANG_ANALYZER_NONNULL = YES;
				CLANG_ANALYZER_NUMBER_OBJECT_CONVERSION = YES_AGGRESSIVE;
				CLANG_CXX_LANGUAGE_STANDARD = "gnu++14";
				CLANG_CXX_LIBRARY = "libc++";
				CLANG_ENABLE_MODULES = YES;
				CLANG_ENABLE_OBJC_ARC = YES;
				CLANG_WARN_BLOCK_CAPTURE_AUTORELEASING = YES;
				CLANG_WARN_BOOL_CONVERSION = YES;
				CLANG_WARN_COMMA = YES;
				CLANG_WARN_CONSTANT_CONVERSION = YES;
				CLANG_WARN_DIRECT_OBJC_ISA_USAGE = YES_ERROR;
				CLANG_WARN_DOCUMENTATION_COMMENTS = YES;
				CLANG_WARN_EMPTY_BODY = YES;
				CLANG_WARN_ENUM_CONVERSION = YES;
				CLANG_WARN_INFINITE_RECURSION = YES;
				CLANG_WARN_INT_CONVERSION = YES;
				CLANG_WARN_NON_LITERAL_NULL_CONVERSION = YES;
				CLANG_WARN_OBJC_LITERAL_CONVERSION = YES;
				CLANG_WARN_OBJC_ROOT_CLASS = YES_ERROR;
				CLANG_WARN_RANGE_LOOP_ANALYSIS = YES;
				CLANG_WARN_STRICT_PROTOTYPES = YES;
				CLANG_WARN_SUSPICIOUS_MOVE = YES;
				CLANG_WARN_UNGUARDED_AVAILABILITY = YES_AGGRESSIVE;
				CLANG_WARN_UNREACHABLE_CODE = YES;
				CLANG_WARN__DUPLICATE_METHOD_MATCH = YES;
				CODE_SIGN_IDENTITY = "iPhone Developer";
				COPY_PHASE_STRIP = NO;
				DEBUG_INFORMATION_FORMAT = "dwarf-with-dsym";
				ENABLE_NS_ASSERTIONS = NO;
				ENABLE_STRICT_OBJC_MSGSEND = YES;
				GCC_C_LANGUAGE_STANDARD = gnu11;
				GCC_NO_COMMON_BLOCKS = YES;
				GCC_WARN_64_TO_32_BIT_CONVERSION = YES;
				GCC_WARN_ABOUT_RETURN_TYPE = YES_ERROR;
				GCC_WARN_UNDECLARED_SELECTOR = YES;
				GCC_WARN_UNINITIALIZED_AUTOS = YES_AGGRESSIVE;
				GCC_WARN_UNUSED_FUNCTION = YES;
				GCC_WARN_UNUSED_VARIABLE = YES;
				IPHONEOS_DEPLOYMENT_TARGET = 11.2;
				MTL_ENABLE_DEBUG_INFO = NO;
				SDKROOT = iphoneos;
				SWIFT_OPTIMIZATION_LEVEL = "-Owholemodule";
				VALIDATE_PRODUCT = YES;
			};
			name = Release;
		};
		AB333C9F1FDF8B830022FAA5 /* Debug */ = {
			isa = XCBuildConfiguration;
			buildSettings = {
				ASSETCATALOG_COMPILER_APPICON_NAME = AppIcon;
				CODE_SIGN_STYLE = Automatic;
				INFOPLIST_FILE = cars/Info.plist;
				LD_RUNPATH_SEARCH_PATHS = "$(inherited) @executable_path/Frameworks";
				PRODUCT_BUNDLE_IDENTIFIER = com.kaliraj.sdsu.car.cars;
				PRODUCT_NAME = "$(TARGET_NAME)";
				SWIFT_VERSION = 4.0;
				TARGETED_DEVICE_FAMILY = "1,2";
			};
			name = Debug;
		};
		AB333CA01FDF8B830022FAA5 /* Release */ = {
			isa = XCBuildConfiguration;
			buildSettings = {
				ASSETCATALOG_COMPILER_APPICON_NAME = AppIcon;
				CODE_SIGN_STYLE = Automatic;
				INFOPLIST_FILE = cars/Info.plist;
				LD_RUNPATH_SEARCH_PATHS = "$(inherited) @executable_path/Frameworks";
				PRODUCT_BUNDLE_IDENTIFIER = com.kaliraj.sdsu.car.cars;
				PRODUCT_NAME = "$(TARGET_NAME)";
				SWIFT_VERSION = 4.0;
				TARGETED_DEVICE_FAMILY = "1,2";
			};
			name = Release;
		};
		AB333CA21FDF8B830022FAA5 /* Debug */ = {
			isa = XCBuildConfiguration;
			buildSettings = {
				ALWAYS_EMBED_SWIFT_STANDARD_LIBRARIES = YES;
				BUNDLE_LOADER = "$(TEST_HOST)";
				CODE_SIGN_STYLE = Automatic;
				INFOPLIST_FILE = carsTests/Info.plist;
				LD_RUNPATH_SEARCH_PATHS = "$(inherited) @executable_path/Frameworks @loader_path/Frameworks";
				PRODUCT_BUNDLE_IDENTIFIER = com.kaliraj.sdsu.car.carsTests;
				PRODUCT_NAME = "$(TARGET_NAME)";
				SWIFT_VERSION = 4.0;
				TARGETED_DEVICE_FAMILY = "1,2";
				TEST_HOST = "$(BUILT_PRODUCTS_DIR)/cars.app/cars";
			};
			name = Debug;
		};
		AB333CA31FDF8B830022FAA5 /* Release */ = {
			isa = XCBuildConfiguration;
			buildSettings = {
				ALWAYS_EMBED_SWIFT_STANDARD_LIBRARIES = YES;
				BUNDLE_LOADER = "$(TEST_HOST)";
				CODE_SIGN_STYLE = Automatic;
				INFOPLIST_FILE = carsTests/Info.plist;
				LD_RUNPATH_SEARCH_PATHS = "$(inherited) @executable_path/Frameworks @loader_path/Frameworks";
				PRODUCT_BUNDLE_IDENTIFIER = com.kaliraj.sdsu.car.carsTests;
				PRODUCT_NAME = "$(TARGET_NAME)";
				SWIFT_VERSION = 4.0;
				TARGETED_DEVICE_FAMILY = "1,2";
				TEST_HOST = "$(BUILT_PRODUCTS_DIR)/cars.app/cars";
			};
			name = Release;
		};
		AB333CA51FDF8B830022FAA5 /* Debug */ = {
			isa = XCBuildConfiguration;
			buildSettings = {
				ALWAYS_EMBED_SWIFT_STANDARD_LIBRARIES = YES;
				CODE_SIGN_STYLE = Automatic;
				INFOPLIST_FILE = carsUITests/Info.plist;
				LD_RUNPATH_SEARCH_PATHS = "$(inherited) @executable_path/Frameworks @loader_path/Frameworks";
				PRODUCT_BUNDLE_IDENTIFIER = com.kaliraj.sdsu.car.carsUITests;
				PRODUCT_NAME = "$(TARGET_NAME)";
				SWIFT_VERSION = 4.0;
				TARGETED_DEVICE_FAMILY = "1,2";
				TEST_TARGET_NAME = cars;
			};
			name = Debug;
		};
		AB333CA61FDF8B830022FAA5 /* Release */ = {
			isa = XCBuildConfiguration;
			buildSettings = {
				ALWAYS_EMBED_SWIFT_STANDARD_LIBRARIES = YES;
				CODE_SIGN_STYLE = Automatic;
				INFOPLIST_FILE = carsUITests/Info.plist;
				LD_RUNPATH_SEARCH_PATHS = "$(inherited) @executable_path/Frameworks @loader_path/Frameworks";
				PRODUCT_BUNDLE_IDENTIFIER = com.kaliraj.sdsu.car.carsUITests;
				PRODUCT_NAME = "$(TARGET_NAME)";
				SWIFT_VERSION = 4.0;
				TARGETED_DEVICE_FAMILY = "1,2";
				TEST_TARGET_NAME = cars;
			};
			name = Release;
		};
/* End XCBuildConfiguration section */

/* Begin XCConfigurationList section */
		AB333C711FDF8B820022FAA5 /* Build configuration list for PBXProject "cars" */ = {
			isa = XCConfigurationList;
			buildConfigurations = (
				AB333C9C1FDF8B830022FAA5 /* Debug */,
				AB333C9D1FDF8B830022FAA5 /* Release */,
			);
			defaultConfigurationIsVisible = 0;
			defaultConfigurationName = Release;
		};
		AB333C9E1FDF8B830022FAA5 /* Build configuration list for PBXNativeTarget "cars" */ = {
			isa = XCConfigurationList;
			buildConfigurations = (
				AB333C9F1FDF8B830022FAA5 /* Debug */,
				AB333CA01FDF8B830022FAA5 /* Release */,
			);
			defaultConfigurationIsVisible = 0;
			defaultConfigurationName = Release;
		};
		AB333CA11FDF8B830022FAA5 /* Build configuration list for PBXNativeTarget "carsTests" */ = {
			isa = XCConfigurationList;
			buildConfigurations = (
				AB333CA21FDF8B830022FAA5 /* Debug */,
				AB333CA31FDF8B830022FAA5 /* Release */,
			);
			defaultConfigurationIsVisible = 0;
			defaultConfigurationName = Release;
		};
		AB333CA41FDF8B830022FAA5 /* Build configuration list for PBXNativeTarget "carsUITests" */ = {
			isa = XCConfigurationList;
			buildConfigurations = (
				AB333CA51FDF8B830022FAA5 /* Debug */,
				AB333CA61FDF8B830022FAA5 /* Release */,
			);
			defaultConfigurationIsVisible = 0;
			defaultConfigurationName = Release;
		};
/* End XCConfigurationList section */
	};
	rootObject = AB333C6E1FDF8B820022FAA5 /* Project object */;
}
